// !$*UTF8*$!
{
	archiveVersion = 1;
	classes = {
	};
	objectVersion = 55;
	objects = {

/* Begin PBXBuildFile section */
		2F12D631F93A4998B343B0C4 /* Pods_IG_clone.framework in Frameworks */ = {isa = PBXBuildFile; fileRef = 8F9B6EFFAD5B0063FE0AC5BD /* Pods_IG_clone.framework */; };
		754A3F5F27EE2A0200AAF422 /* AppDelegate.swift in Sources */ = {isa = PBXBuildFile; fileRef = 754A3F5E27EE2A0200AAF422 /* AppDelegate.swift */; };
		754A3F6127EE2A0200AAF422 /* SceneDelegate.swift in Sources */ = {isa = PBXBuildFile; fileRef = 754A3F6027EE2A0200AAF422 /* SceneDelegate.swift */; };
		754A3F6627EE2A0200AAF422 /* Main.storyboard in Resources */ = {isa = PBXBuildFile; fileRef = 754A3F6427EE2A0200AAF422 /* Main.storyboard */; };
		754A3F6827EE2A0700AAF422 /* Assets.xcassets in Resources */ = {isa = PBXBuildFile; fileRef = 754A3F6727EE2A0700AAF422 /* Assets.xcassets */; };
		754A3F6B27EE2A0700AAF422 /* LaunchScreen.storyboard in Resources */ = {isa = PBXBuildFile; fileRef = 754A3F6927EE2A0700AAF422 /* LaunchScreen.storyboard */; };
		754A3F7327EE652000AAF422 /* LoginViewController.swift in Sources */ = {isa = PBXBuildFile; fileRef = 754A3F7227EE652000AAF422 /* LoginViewController.swift */; };
		754A3F7527EE653E00AAF422 /* FeedViewController.swift in Sources */ = {isa = PBXBuildFile; fileRef = 754A3F7427EE653E00AAF422 /* FeedViewController.swift */; };
		754A3F7727EE721100AAF422 /* CameraViewController.swift in Sources */ = {isa = PBXBuildFile; fileRef = 754A3F7627EE721100AAF422 /* CameraViewController.swift */; };
		754A3F7B27EE81EB00AAF422 /* PostCell.swift in Sources */ = {isa = PBXBuildFile; fileRef = 754A3F7A27EE81EB00AAF422 /* PostCell.swift */; };
/* End PBXBuildFile section */

/* Begin PBXFileReference section */
		754A3F5B27EE2A0200AAF422 /* IG_clone.app */ = {isa = PBXFileReference; explicitFileType = wrapper.application; includeInIndex = 0; path = IG_clone.app; sourceTree = BUILT_PRODUCTS_DIR; };
		754A3F5E27EE2A0200AAF422 /* AppDelegate.swift */ = {isa = PBXFileReference; lastKnownFileType = sourcecode.swift; path = AppDelegate.swift; sourceTree = "<group>"; };
		754A3F6027EE2A0200AAF422 /* SceneDelegate.swift */ = {isa = PBXFileReference; lastKnownFileType = sourcecode.swift; path = SceneDelegate.swift; sourceTree = "<group>"; };
		754A3F6527EE2A0200AAF422 /* Base */ = {isa = PBXFileReference; lastKnownFileType = file.storyboard; name = Base; path = Base.lproj/Main.storyboard; sourceTree = "<group>"; };
		754A3F6727EE2A0700AAF422 /* Assets.xcassets */ = {isa = PBXFileReference; lastKnownFileType = folder.assetcatalog; path = Assets.xcassets; sourceTree = "<group>"; };
		754A3F6A27EE2A0700AAF422 /* Base */ = {isa = PBXFileReference; lastKnownFileType = file.storyboard; name = Base; path = Base.lproj/LaunchScreen.storyboard; sourceTree = "<group>"; };
		754A3F6C27EE2A0700AAF422 /* Info.plist */ = {isa = PBXFileReference; lastKnownFileType = text.plist.xml; path = Info.plist; sourceTree = "<group>"; };
		754A3F7227EE652000AAF422 /* LoginViewController.swift */ = {isa = PBXFileReference; lastKnownFileType = sourcecode.swift; path = LoginViewController.swift; sourceTree = "<group>"; };
		754A3F7427EE653E00AAF422 /* FeedViewController.swift */ = {isa = PBXFileReference; lastKnownFileType = sourcecode.swift; path = FeedViewController.swift; sourceTree = "<group>"; };
		754A3F7627EE721100AAF422 /* CameraViewController.swift */ = {isa = PBXFileReference; lastKnownFileType = sourcecode.swift; path = CameraViewController.swift; sourceTree = "<group>"; };
		754A3F7A27EE81EB00AAF422 /* PostCell.swift */ = {isa = PBXFileReference; lastKnownFileType = sourcecode.swift; path = PostCell.swift; sourceTree = "<group>"; };
		8F9B6EFFAD5B0063FE0AC5BD /* Pods_IG_clone.framework */ = {isa = PBXFileReference; explicitFileType = wrapper.framework; includeInIndex = 0; path = Pods_IG_clone.framework; sourceTree = BUILT_PRODUCTS_DIR; };
		990A754829A04C4510B693B9 /* Pods-IG_clone.release.xcconfig */ = {isa = PBXFileReference; includeInIndex = 1; lastKnownFileType = text.xcconfig; name = "Pods-IG_clone.release.xcconfig"; path = "Target Support Files/Pods-IG_clone/Pods-IG_clone.release.xcconfig"; sourceTree = "<group>"; };
		DC9F608E347A43010F636D82 /* Pods-IG_clone.debug.xcconfig */ = {isa = PBXFileReference; includeInIndex = 1; lastKnownFileType = text.xcconfig; name = "Pods-IG_clone.debug.xcconfig"; path = "Target Support Files/Pods-IG_clone/Pods-IG_clone.debug.xcconfig"; sourceTree = "<group>"; };
/* End PBXFileReference section */

/* Begin PBXFrameworksBuildPhase section */
		754A3F5827EE2A0200AAF422 /* Frameworks */ = {
			isa = PBXFrameworksBuildPhase;
			buildActionMask = 2147483647;
			files = (
				2F12D631F93A4998B343B0C4 /* Pods_IG_clone.framework in Frameworks */,
			);
			runOnlyForDeploymentPostprocessing = 0;
		};
/* End PBXFrameworksBuildPhase section */

/* Begin PBXGroup section */
		11C090374C4F9855C2CF22B1 /* Frameworks */ = {
			isa = PBXGroup;
			children = (
				8F9B6EFFAD5B0063FE0AC5BD /* Pods_IG_clone.framework */,
			);
			name = Frameworks;
			sourceTree = "<group>";
		};
		6E509324B3A932519A6E6567 /* Pods */ = {
			isa = PBXGroup;
			children = (
				DC9F608E347A43010F636D82 /* Pods-IG_clone.debug.xcconfig */,
				990A754829A04C4510B693B9 /* Pods-IG_clone.release.xcconfig */,
			);
			path = Pods;
			sourceTree = "<group>";
		};
		754A3F5227EE2A0200AAF422 = {
			isa = PBXGroup;
			children = (
				754A3F5D27EE2A0200AAF422 /* IG_clone */,
				754A3F5C27EE2A0200AAF422 /* Products */,
				6E509324B3A932519A6E6567 /* Pods */,
				11C090374C4F9855C2CF22B1 /* Frameworks */,
			);
			sourceTree = "<group>";
		};
		754A3F5C27EE2A0200AAF422 /* Products */ = {
			isa = PBXGroup;
			children = (
				754A3F5B27EE2A0200AAF422 /* IG_clone.app */,
			);
			name = Products;
			sourceTree = "<group>";
		};
		754A3F5D27EE2A0200AAF422 /* IG_clone */ = {
			isa = PBXGroup;
			children = (
				754A3F5E27EE2A0200AAF422 /* AppDelegate.swift */,
				754A3F6027EE2A0200AAF422 /* SceneDelegate.swift */,
				754A3F6427EE2A0200AAF422 /* Main.storyboard */,
				754A3F6727EE2A0700AAF422 /* Assets.xcassets */,
				754A3F6927EE2A0700AAF422 /* LaunchScreen.storyboard */,
				754A3F6C27EE2A0700AAF422 /* Info.plist */,
				754A3F7227EE652000AAF422 /* LoginViewController.swift */,
				754A3F7427EE653E00AAF422 /* FeedViewController.swift */,
				754A3F7627EE721100AAF422 /* CameraViewController.swift */,
				754A3F7A27EE81EB00AAF422 /* PostCell.swift */,
			);
			path = IG_clone;
			sourceTree = "<group>";
		};
/* End PBXGroup section */

/* Begin PBXNativeTarget section */
		754A3F5A27EE2A0200AAF422 /* IG_clone */ = {
			isa = PBXNativeTarget;
			buildConfigurationList = 754A3F6F27EE2A0700AAF422 /* Build configuration list for PBXNativeTarget "IG_clone" */;
			buildPhases = (
				1473F5C912F3BE157EE13E8A /* [CP] Check Pods Manifest.lock */,
				754A3F5727EE2A0200AAF422 /* Sources */,
				754A3F5827EE2A0200AAF422 /* Frameworks */,
				754A3F5927EE2A0200AAF422 /* Resources */,
				5182A6E140010A5745508D09 /* [CP] Embed Pods Frameworks */,
			);
			buildRules = (
			);
			dependencies = (
			);
			name = IG_clone;
			productName = IG_clone;
			productReference = 754A3F5B27EE2A0200AAF422 /* IG_clone.app */;
			productType = "com.apple.product-type.application";
		};
/* End PBXNativeTarget section */

/* Begin PBXProject section */
		754A3F5327EE2A0200AAF422 /* Project object */ = {
			isa = PBXProject;
			attributes = {
				BuildIndependentTargetsInParallel = 1;
				LastSwiftUpdateCheck = 1330;
				LastUpgradeCheck = 1330;
				TargetAttributes = {
					754A3F5A27EE2A0200AAF422 = {
						CreatedOnToolsVersion = 13.3;
					};
				};
			};
			buildConfigurationList = 754A3F5627EE2A0200AAF422 /* Build configuration list for PBXProject "IG_clone" */;
			compatibilityVersion = "Xcode 13.0";
			developmentRegion = en;
			hasScannedForEncodings = 0;
			knownRegions = (
				en,
				Base,
			);
			mainGroup = 754A3F5227EE2A0200AAF422;
			productRefGroup = 754A3F5C27EE2A0200AAF422 /* Products */;
			projectDirPath = "";
			projectRoot = "";
			targets = (
				754A3F5A27EE2A0200AAF422 /* IG_clone */,
			);
		};
/* End PBXProject section */

/* Begin PBXResourcesBuildPhase section */
		754A3F5927EE2A0200AAF422 /* Resources */ = {
			isa = PBXResourcesBuildPhase;
			buildActionMask = 2147483647;
			files = (
				754A3F6B27EE2A0700AAF422 /* LaunchScreen.storyboard in Resources */,
				754A3F6827EE2A0700AAF422 /* Assets.xcassets in Resources */,
				754A3F6627EE2A0200AAF422 /* Main.storyboard in Resources */,
			);
			runOnlyForDeploymentPostprocessing = 0;
		};
/* End PBXResourcesBuildPhase section */

/* Begin PBXShellScriptBuildPhase section */
		1473F5C912F3BE157EE13E8A /* [CP] Check Pods Manifest.lock */ = {
			isa = PBXShellScriptBuildPhase;
			buildActionMask = 2147483647;
			files = (
			);
			inputFileListPaths = (
			);
			inputPaths = (
				"${PODS_PODFILE_DIR_PATH}/Podfile.lock",
				"${PODS_ROOT}/Manifest.lock",
			);
			name = "[CP] Check Pods Manifest.lock";
			outputFileListPaths = (
			);
			outputPaths = (
				"$(DERIVED_FILE_DIR)/Pods-IG_clone-checkManifestLockResult.txt",
			);
			runOnlyForDeploymentPostprocessing = 0;
			shellPath = /bin/sh;
			shellScript = "diff \"${PODS_PODFILE_DIR_PATH}/Podfile.lock\" \"${PODS_ROOT}/Manifest.lock\" > /dev/null\nif [ $? != 0 ] ; then\n    # print error to STDERR\n    echo \"error: The sandbox is not in sync with the Podfile.lock. Run 'pod install' or update your CocoaPods installation.\" >&2\n    exit 1\nfi\n# This output is used by Xcode 'outputs' to avoid re-running this script phase.\necho \"SUCCESS\" > \"${SCRIPT_OUTPUT_FILE_0}\"\n";
			showEnvVarsInLog = 0;
		};
		5182A6E140010A5745508D09 /* [CP] Embed Pods Frameworks */ = {
			isa = PBXShellScriptBuildPhase;
			buildActionMask = 2147483647;
			files = (
			);
			inputFileListPaths = (
				"${PODS_ROOT}/Target Support Files/Pods-IG_clone/Pods-IG_clone-frameworks-${CONFIGURATION}-input-files.xcfilelist",
			);
			name = "[CP] Embed Pods Frameworks";
			outputFileListPaths = (
				"${PODS_ROOT}/Target Support Files/Pods-IG_clone/Pods-IG_clone-frameworks-${CONFIGURATION}-output-files.xcfilelist",
			);
			runOnlyForDeploymentPostprocessing = 0;
			shellPath = /bin/sh;
			shellScript = "\"${PODS_ROOT}/Target Support Files/Pods-IG_clone/Pods-IG_clone-frameworks.sh\"\n";
			showEnvVarsInLog = 0;
		};
/* End PBXShellScriptBuildPhase section */

/* Begin PBXSourcesBuildPhase section */
		754A3F5727EE2A0200AAF422 /* Sources */ = {
			isa = PBXSourcesBuildPhase;
			buildActionMask = 2147483647;
			files = (
				754A3F7327EE652000AAF422 /* LoginViewController.swift in Sources */,
				754A3F7727EE721100AAF422 /* CameraViewController.swift in Sources */,
				754A3F5F27EE2A0200AAF422 /* AppDelegate.swift in Sources */,
				754A3F7527EE653E00AAF422 /* FeedViewController.swift in Sources */,
				754A3F6127EE2A0200AAF422 /* SceneDelegate.swift in Sources */,
				754A3F7B27EE81EB00AAF422 /* PostCell.swift in Sources */,
			);
			runOnlyForDeploymentPostprocessing = 0;
		};
/* End PBXSourcesBuildPhase section */

/* Begin PBXVariantGroup section */
		754A3F6427EE2A0200AAF422 /* Main.storyboard */ = {
			isa = PBXVariantGroup;
			children = (
				754A3F6527EE2A0200AAF422 /* Base */,
			);
			name = Main.storyboard;
			sourceTree = "<group>";
		};
		754A3F6927EE2A0700AAF422 /* LaunchScreen.storyboard */ = {
			isa = PBXVariantGroup;
			children = (
				754A3F6A27EE2A0700AAF422 /* Base */,
			);
			name = LaunchScreen.storyboard;
			sourceTree = "<group>";
		};
/* End PBXVariantGroup section */

/* Begin XCBuildConfiguration section */
		754A3F6D27EE2A0700AAF422 /* Debug */ = {
			isa = XCBuildConfiguration;
			buildSettings = {
				ALWAYS_SEARCH_USER_PATHS = NO;
				CLANG_ANALYZER_NONNULL = YES;
				CLANG_ANALYZER_NUMBER_OBJECT_CONVERSION = YES_AGGRESSIVE;
				CLANG_CXX_LANGUAGE_STANDARD = "gnu++17";
				CLANG_ENABLE_MODULES = YES;
				CLANG_ENABLE_OBJC_ARC = YES;
				CLANG_ENABLE_OBJC_WEAK = YES;
				CLANG_WARN_BLOCK_CAPTURE_AUTORELEASING = YES;
				CLANG_WARN_BOOL_CONVERSION = YES;
				CLANG_WARN_COMMA = YES;
				CLANG_WARN_CONSTANT_CONVERSION = YES;
				CLANG_WARN_DEPRECATED_OBJC_IMPLEMENTATIONS = YES;
				CLANG_WARN_DIRECT_OBJC_ISA_USAGE = YES_ERROR;
				CLANG_WARN_DOCUMENTATION_COMMENTS = YES;
				CLANG_WARN_EMPTY_BODY = YES;
				CLANG_WARN_ENUM_CONVERSION = YES;
				CLANG_WARN_INFINITE_RECURSION = YES;
				CLANG_WARN_INT_CONVERSION = YES;
				CLANG_WARN_NON_LITERAL_NULL_CONVERSION = YES;
				CLANG_WARN_OBJC_IMPLICIT_RETAIN_SELF = YES;
				CLANG_WARN_OBJC_LITERAL_CONVERSION = YES;
				CLANG_WARN_OBJC_ROOT_CLASS = YES_ERROR;
				CLANG_WARN_QUOTED_INCLUDE_IN_FRAMEWORK_HEADER = YES;
				CLANG_WARN_RANGE_LOOP_ANALYSIS = YES;
				CLANG_WARN_STRICT_PROTOTYPES = YES;
				CLANG_WARN_SUSPICIOUS_MOVE = YES;
				CLANG_WARN_UNGUARDED_AVAILABILITY = YES_AGGRESSIVE;
				CLANG_WARN_UNREACHABLE_CODE = YES;
				CLANG_WARN__DUPLICATE_METHOD_MATCH = YES;
				COPY_PHASE_STRIP = NO;
				DEBUG_INFORMATION_FORMAT = dwarf;
				ENABLE_STRICT_OBJC_MSGSEND = YES;
				ENABLE_TESTABILITY = YES;
				GCC_C_LANGUAGE_STANDARD = gnu11;
				GCC_DYNAMIC_NO_PIC = NO;
				GCC_NO_COMMON_BLOCKS = YES;
				GCC_OPTIMIZATION_LEVEL = 0;
				GCC_PREPROCESSOR_DEFINITIONS = (
					"DEBUG=1",
					"$(inherited)",
				);
				GCC_WARN_64_TO_32_BIT_CONVERSION = YES;
				GCC_WARN_ABOUT_RETURN_TYPE = YES_ERROR;
				GCC_WARN_UNDECLARED_SELECTOR = YES;
				GCC_WARN_UNINITIALIZED_AUTOS = YES_AGGRESSIVE;
				GCC_WARN_UNUSED_FUNCTION = YES;
				GCC_WARN_UNUSED_VARIABLE = YES;
				IPHONEOS_DEPLOYMENT_TARGET = 15.4;
				MTL_ENABLE_DEBUG_INFO = INCLUDE_SOURCE;
				MTL_FAST_MATH = YES;
				ONLY_ACTIVE_ARCH = YES;
				SDKROOT = iphoneos;
				SWIFT_ACTIVE_COMPILATION_CONDITIONS = DEBUG;
				SWIFT_OPTIMIZATION_LEVEL = "-Onone";
			};
			name = Debug;
		};
		754A3F6E27EE2A0700AAF422 /* Release */ = {
			isa = XCBuildConfiguration;
			buildSettings = {
				ALWAYS_SEARCH_USER_PATHS = NO;
				CLANG_ANALYZER_NONNULL = YES;
				CLANG_ANALYZER_NUMBER_OBJECT_CONVERSION = YES_AGGRESSIVE;
				CLANG_CXX_LANGUAGE_STANDARD = "gnu++17";
				CLANG_ENABLE_MODULES = YES;
				CLANG_ENABLE_OBJC_ARC = YES;
				CLANG_ENABLE_OBJC_WEAK = YES;
				CLANG_WARN_BLOCK_CAPTURE_AUTORELEASING = YES;
				CLANG_WARN_BOOL_CONVERSION = YES;
				CLANG_WARN_COMMA = YES;
				CLANG_WARN_CONSTANT_CONVERSION = YES;
				CLANG_WARN_DEPRECATED_OBJC_IMPLEMENTATIONS = YES;
				CLANG_WARN_DIRECT_OBJC_ISA_USAGE = YES_ERROR;
				CLANG_WARN_DOCUMENTATION_COMMENTS = YES;
				CLANG_WARN_EMPTY_BODY = YES;
				CLANG_WARN_ENUM_CONVERSION = YES;
				CLANG_WARN_INFINITE_RECURSION = YES;
				CLANG_WARN_INT_CONVERSION = YES;
				CLANG_WARN_NON_LITERAL_NULL_CONVERSION = YES;
				CLANG_WARN_OBJC_IMPLICIT_RETAIN_SELF = YES;
				CLANG_WARN_OBJC_LITERAL_CONVERSION = YES;
				CLANG_WARN_OBJC_ROOT_CLASS = YES_ERROR;
				CLANG_WARN_QUOTED_INCLUDE_IN_FRAMEWORK_HEADER = YES;
				CLANG_WARN_RANGE_LOOP_ANALYSIS = YES;
				CLANG_WARN_STRICT_PROTOTYPES = YES;
				CLANG_WARN_SUSPICIOUS_MOVE = YES;
				CLANG_WARN_UNGUARDED_AVAILABILITY = YES_AGGRESSIVE;
				CLANG_WARN_UNREACHABLE_CODE = YES;
				CLANG_WARN__DUPLICATE_METHOD_MATCH = YES;
				COPY_PHASE_STRIP = NO;
				DEBUG_INFORMATION_FORMAT = "dwarf-with-dsym";
				ENABLE_NS_ASSERTIONS = NO;
				ENABLE_STRICT_OBJC_MSGSEND = YES;
				GCC_C_LANGUAGE_STANDARD = gnu11;
				GCC_NO_COMMON_BLOCKS = YES;
				GCC_WARN_64_TO_32_BIT_CONVERSION = YES;
				GCC_WARN_ABOUT_RETURN_TYPE = YES_ERROR;
				GCC_WARN_UNDECLARED_SELECTOR = YES;
				GCC_WARN_UNINITIALIZED_AUTOS = YES_AGGRESSIVE;
				GCC_WARN_UNUSED_FUNCTION = YES;
				GCC_WARN_UNUSED_VARIABLE = YES;
				IPHONEOS_DEPLOYMENT_TARGET = 15.4;
				MTL_ENABLE_DEBUG_INFO = NO;
				MTL_FAST_MATH = YES;
				SDKROOT = iphoneos;
				SWIFT_COMPILATION_MODE = wholemodule;
				SWIFT_OPTIMIZATION_LEVEL = "-O";
				VALIDATE_PRODUCT = YES;
			};
			name = Release;
		};
		754A3F7027EE2A0700AAF422 /* Debug */ = {
			isa = XCBuildConfiguration;
			baseConfigurationReference = DC9F608E347A43010F636D82 /* Pods-IG_clone.debug.xcconfig */;
			buildSettings = {
				ASSETCATALOG_COMPILER_APPICON_NAME = AppIcon;
				ASSETCATALOG_COMPILER_GLOBAL_ACCENT_COLOR_NAME = AccentColor;
				CODE_SIGN_STYLE = Automatic;
				CURRENT_PROJECT_VERSION = 1;
				DEVELOPMENT_TEAM = J79BK382F3;
				GENERATE_INFOPLIST_FILE = YES;
				INFOPLIST_FILE = IG_clone/Info.plist;
				INFOPLIST_KEY_UIApplicationSupportsIndirectInputEvents = YES;
				INFOPLIST_KEY_UILaunchStoryboardName = LaunchScreen;
				INFOPLIST_KEY_UIMainStoryboardFile = Main;
				INFOPLIST_KEY_UISupportedInterfaceOrientations_iPad = "UIInterfaceOrientationPortrait UIInterfaceOrientationPortraitUpsideDown UIInterfaceOrientationLandscapeLeft UIInterfaceOrientationLandscapeRight";
				INFOPLIST_KEY_UISupportedInterfaceOrientations_iPhone = "UIInterfaceOrientationPortrait UIInterfaceOrientationLandscapeLeft UIInterfaceOrientationLandscapeRight";
				LD_RUNPATH_SEARCH_PATHS = (
					"$(inherited)",
					"@executable_path/Frameworks",
				);
				MARKETING_VERSION = 1.0;
				PRODUCT_BUNDLE_IDENTIFIER = "ryry.IG-clone";
				PRODUCT_NAME = "$(TARGET_NAME)";
				SWIFT_EMIT_LOC_STRINGS = YES;
				SWIFT_VERSION = 5.0;
				TARGETED_DEVICE_FAMILY = "1,2";
			};
			name = Debug;
		};
		754A3F7127EE2A0700AAF422 /* Release */ = {
			isa = XCBuildConfiguration;
			baseConfigurationReference = 990A754829A04C4510B693B9 /* Pods-IG_clone.release.xcconfig */;
			buildSettings = {
				ASSETCATALOG_COMPILER_APPICON_NAME = AppIcon;
				ASSETCATALOG_COMPILER_GLOBAL_ACCENT_COLOR_NAME = AccentColor;
				CODE_SIGN_STYLE = Automatic;
				CURRENT_PROJECT_VERSION = 1;
				DEVELOPMENT_TEAM = J79BK382F3;
				GENERATE_INFOPLIST_FILE = YES;
				INFOPLIST_FILE = IG_clone/Info.plist;
				INFOPLIST_KEY_UIApplicationSupportsIndirectInputEvents = YES;
				INFOPLIST_KEY_UILaunchStoryboardName = LaunchScreen;
				INFOPLIST_KEY_UIMainStoryboardFile = Main;
				INFOPLIST_KEY_UISupportedInterfaceOrientations_iPad = "UIInterfaceOrientationPortrait UIInterfaceOrientationPortraitUpsideDown UIInterfaceOrientationLandscapeLeft UIInterfaceOrientationLandscapeRight";
				INFOPLIST_KEY_UISupportedInterfaceOrientations_iPhone = "UIInterfaceOrientationPortrait UIInterfaceOrientationLandscapeLeft UIInterfaceOrientationLandscapeRight";
				LD_RUNPATH_SEARCH_PATHS = (
					"$(inherited)",
					"@executable_path/Frameworks",
				);
				MARKETING_VERSION = 1.0;
				PRODUCT_BUNDLE_IDENTIFIER = "ryry.IG-clone";
				PRODUCT_NAME = "$(TARGET_NAME)";
				SWIFT_EMIT_LOC_STRINGS = YES;
				SWIFT_VERSION = 5.0;
				TARGETED_DEVICE_FAMILY = "1,2";
			};
			name = Release;
		};
/* End XCBuildConfiguration section */

/* Begin XCConfigurationList section */
		754A3F5627EE2A0200AAF422 /* Build configuration list for PBXProject "IG_clone" */ = {
			isa = XCConfigurationList;
			buildConfigurations = (
				754A3F6D27EE2A0700AAF422 /* Debug */,
				754A3F6E27EE2A0700AAF422 /* Release */,
			);
			defaultConfigurationIsVisible = 0;
			defaultConfigurationName = Release;
		};
		754A3F6F27EE2A0700AAF422 /* Build configuration list for PBXNativeTarget "IG_clone" */ = {
			isa = XCConfigurationList;
			buildConfigurations = (
				754A3F7027EE2A0700AAF422 /* Debug */,
				754A3F7127EE2A0700AAF422 /* Release */,
			);
			defaultConfigurationIsVisible = 0;
			defaultConfigurationName = Release;
		};
/* End XCConfigurationList section */
	};
	rootObject = 754A3F5327EE2A0200AAF422 /* Project object */;
}
